
Microsoft Visual Studio Solution File, Format Version 12.00
# Visual Studio 15
VisualStudioVersion = 15.0.27004.2005
MinimumVisualStudioVersion = 10.0.40219.1
Project("{FAE04EC0-301F-11D3-BF4B-00C04F79EFBC}") = "CarDealer.Web", "CarDealer.Web\CarDealer.Web.csproj", "{BF9C5BC9-78F9-4BBC-B609-A25E21B2D049}"
EndProject
Project("{FAE04EC0-301F-11D3-BF4B-00C04F79EFBC}") = "CarDealer.Data", "CarDealer.Data\CarDealer.Data.csproj", "{7A5EFB45-574D-40CC-8C09-B455000BA2C4}"
EndProject
Global
	GlobalSection(SolutionConfigurationPlatforms) = preSolution
		Debug|Any CPU = Debug|Any CPU
		Release|Any CPU = Release|Any CPU
	EndGlobalSection
	GlobalSection(ProjectConfigurationPlatforms) = postSolution
		{BF9C5BC9-78F9-4BBC-B609-A25E21B2D049}.Debug|Any CPU.ActiveCfg = Debug|Any CPU
		{BF9C5BC9-78F9-4BBC-B609-A25E21B2D049}.Debug|Any CPU.Build.0 = Debug|Any CPU
		{BF9C5BC9-78F9-4BBC-B609-A25E21B2D049}.Release|Any CPU.ActiveCfg = Release|Any CPU
		{BF9C5BC9-78F9-4BBC-B609-A25E21B2D049}.Release|Any CPU.Build.0 = Release|Any CPU
		{7A5EFB45-574D-40CC-8C09-B455000BA2C4}.Debug|Any CPU.ActiveCfg = Debug|Any CPU
		{7A5EFB45-574D-40CC-8C09-B455000BA2C4}.Debug|Any CPU.Build.0 = Debug|Any CPU
		{7A5EFB45-574D-40CC-8C09-B455000BA2C4}.Release|Any CPU.ActiveCfg = Release|Any CPU
		{7A5EFB45-574D-40CC-8C09-B455000BA2C4}.Release|Any CPU.Build.0 = Release|Any CPU
	EndGlobalSection
	GlobalSection(SolutionProperties) = preSolution
		HideSolutionNode = FALSE
	EndGlobalSection
	GlobalSection(ExtensibilityGlobals) = postSolution
		SolutionGuid = {5B1F4C8C-AA8A-4A91-A2DC-4735FBF254C1}
	EndGlobalSection
EndGlobal
